
Microsoft Visual Studio Solution File, Format Version 12.00
# Visual Studio Version 17
VisualStudioVersion = 17.11.35327.3
MinimumVisualStudioVersion = 10.0.40219.1
Project("{FAE04EC0-301F-11D3-BF4B-00C04F79EFBC}") = "GameLibraryAPI", "GameLibraryAPI\GameLibraryAPI.csproj", "{93A049C0-F9EA-46D2-9E28-99E806193CB6}"
EndProject
Global
	GlobalSection(SolutionConfigurationPlatforms) = preSolution
		Debug|Any CPU = Debug|Any CPU
		Release|Any CPU = Release|Any CPU
	EndGlobalSection
	GlobalSection(ProjectConfigurationPlatforms) = postSolution
		{93A049C0-F9EA-46D2-9E28-99E806193CB6}.Debug|Any CPU.ActiveCfg = Debug|Any CPU
		{93A049C0-F9EA-46D2-9E28-99E806193CB6}.Debug|Any CPU.Build.0 = Debug|Any CPU
		{93A049C0-F9EA-46D2-9E28-99E806193CB6}.Release|Any CPU.ActiveCfg = Release|Any CPU
		{93A049C0-F9EA-46D2-9E28-99E806193CB6}.Release|Any CPU.Build.0 = Release|Any CPU
	EndGlobalSection
	GlobalSection(SolutionProperties) = preSolution
		HideSolutionNode = FALSE
	EndGlobalSection
	GlobalSection(ExtensibilityGlobals) = postSolution
		SolutionGuid = {65FBE5D8-B753-4231-88B8-10186165BB19}
	EndGlobalSection
EndGlobal
